
Microsoft Visual Studio Solution File, Format Version 12.00
# Visual Studio Version 16
VisualStudioVersion = 16.0.31624.102
MinimumVisualStudioVersion = 10.0.40219.1
Project("{FAE04EC0-301F-11D3-BF4B-00C04F79EFBC}") = "MoreLoops", "MoreLoops\MoreLoops.csproj", "{2FC45AB8-5102-4CA4-8C21-B873EEB40D96}"
EndProject
Project("{FAE04EC0-301F-11D3-BF4B-00C04F79EFBC}") = "OROperator", "OROperator\OROperator.csproj", "{A302D796-A446-4406-B29B-10519B885922}"
EndProject
Project("{FAE04EC0-301F-11D3-BF4B-00C04F79EFBC}") = "LogInValidation", "LogInValidation\LogInValidation.csproj", "{68AF6FEA-F7E3-4C56-ACCE-4910C283040E}"
EndProject
Project("{FAE04EC0-301F-11D3-BF4B-00C04F79EFBC}") = "ForLoop", "ForLoop\ForLoop.csproj", "{470E160C-4690-4427-A5ED-6191A012A18A}"
EndProject
Project("{FAE04EC0-301F-11D3-BF4B-00C04F79EFBC}") = "OneToTen", "OneToTen\OneToTen.csproj", "{1AFAEC19-A284-4F09-8C9B-83C19E306D3E}"
EndProject
Project("{FAE04EC0-301F-11D3-BF4B-00C04F79EFBC}") = "DiceGame", "DiceGame\DiceGame.csproj", "{D8DFA27E-3BB3-41D4-B2CC-55DDADD944ED}"
EndProject
Project("{FAE04EC0-301F-11D3-BF4B-00C04F79EFBC}") = "TenToOne", "TenToOne\TenToOne.csproj", "{484149E1-C99C-421C-A995-55EE26641538}"
EndProject
Project("{FAE04EC0-301F-11D3-BF4B-00C04F79EFBC}") = "ForLoopSum", "ForLoopSum\ForLoopSum.csproj", "{4446DBBA-F133-48A7-8BF2-D16A11698B06}"
EndProject
Global
	GlobalSection(SolutionConfigurationPlatforms) = preSolution
		Debug|Any CPU = Debug|Any CPU
		Release|Any CPU = Release|Any CPU
	EndGlobalSection
	GlobalSection(ProjectConfigurationPlatforms) = postSolution
		{2FC45AB8-5102-4CA4-8C21-B873EEB40D96}.Debug|Any CPU.ActiveCfg = Debug|Any CPU
		{2FC45AB8-5102-4CA4-8C21-B873EEB40D96}.Debug|Any CPU.Build.0 = Debug|Any CPU
		{2FC45AB8-5102-4CA4-8C21-B873EEB40D96}.Release|Any CPU.ActiveCfg = Release|Any CPU
		{2FC45AB8-5102-4CA4-8C21-B873EEB40D96}.Release|Any CPU.Build.0 = Release|Any CPU
		{A302D796-A446-4406-B29B-10519B885922}.Debug|Any CPU.ActiveCfg = Debug|Any CPU
		{A302D796-A446-4406-B29B-10519B885922}.Debug|Any CPU.Build.0 = Debug|Any CPU
		{A302D796-A446-4406-B29B-10519B885922}.Release|Any CPU.ActiveCfg = Release|Any CPU
		{A302D796-A446-4406-B29B-10519B885922}.Release|Any CPU.Build.0 = Release|Any CPU
		{68AF6FEA-F7E3-4C56-ACCE-4910C283040E}.Debug|Any CPU.ActiveCfg = Debug|Any CPU
		{68AF6FEA-F7E3-4C56-ACCE-4910C283040E}.Debug|Any CPU.Build.0 = Debug|Any CPU
		{68AF6FEA-F7E3-4C56-ACCE-4910C283040E}.Release|Any CPU.ActiveCfg = Release|Any CPU
		{68AF6FEA-F7E3-4C56-ACCE-4910C283040E}.Release|Any CPU.Build.0 = Release|Any CPU
		{470E160C-4690-4427-A5ED-6191A012A18A}.Debug|Any CPU.ActiveCfg = Debug|Any CPU
		{470E160C-4690-4427-A5ED-6191A012A18A}.Debug|Any CPU.Build.0 = Debug|Any CPU
		{470E160C-4690-4427-A5ED-6191A012A18A}.Release|Any CPU.ActiveCfg = Release|Any CPU
		{470E160C-4690-4427-A5ED-6191A012A18A}.Release|Any CPU.Build.0 = Release|Any CPU
		{1AFAEC19-A284-4F09-8C9B-83C19E306D3E}.Debug|Any CPU.ActiveCfg = Debug|Any CPU
		{1AFAEC19-A284-4F09-8C9B-83C19E306D3E}.Debug|Any CPU.Build.0 = Debug|Any CPU
		{1AFAEC19-A284-4F09-8C9B-83C19E306D3E}.Release|Any CPU.ActiveCfg = Release|Any CPU
		{1AFAEC19-A284-4F09-8C9B-83C19E306D3E}.Release|Any CPU.Build.0 = Release|Any CPU
		{D8DFA27E-3BB3-41D4-B2CC-55DDADD944ED}.Debug|Any CPU.ActiveCfg = Debug|Any CPU
		{D8DFA27E-3BB3-41D4-B2CC-55DDADD944ED}.Debug|Any CPU.Build.0 = Debug|Any CPU
		{D8DFA27E-3BB3-41D4-B2CC-55DDADD944ED}.Release|Any CPU.ActiveCfg = Release|Any CPU
		{D8DFA27E-3BB3-41D4-B2CC-55DDADD944ED}.Release|Any CPU.Build.0 = Release|Any CPU
		{484149E1-C99C-421C-A995-55EE26641538}.Debug|Any CPU.ActiveCfg = Debug|Any CPU
		{484149E1-C99C-421C-A995-55EE26641538}.Debug|Any CPU.Build.0 = Debug|Any CPU
		{484149E1-C99C-421C-A995-55EE26641538}.Release|Any CPU.ActiveCfg = Release|Any CPU
		{484149E1-C99C-421C-A995-55EE26641538}.Release|Any CPU.Build.0 = Release|Any CPU
		{4446DBBA-F133-48A7-8BF2-D16A11698B06}.Debug|Any CPU.ActiveCfg = Debug|Any CPU
		{4446DBBA-F133-48A7-8BF2-D16A11698B06}.Debug|Any CPU.Build.0 = Debug|Any CPU
		{4446DBBA-F133-48A7-8BF2-D16A11698B06}.Release|Any CPU.ActiveCfg = Release|Any CPU
		{4446DBBA-F133-48A7-8BF2-D16A11698B06}.Release|Any CPU.Build.0 = Release|Any CPU
	EndGlobalSection
	GlobalSection(SolutionProperties) = preSolution
		HideSolutionNode = FALSE
	EndGlobalSection
	GlobalSection(ExtensibilityGlobals) = postSolution
		SolutionGuid = {262D2CB5-933E-4971-8997-8A91940559D8}
	EndGlobalSection
EndGlobal
